// !$*UTF8*$!
{
	archiveVersion = 1;
	classes = {
	};
	objectVersion = 50;
	objects = {

/* Begin PBXBuildFile section */
		294FF7DC24C7D46700CB7F61 /* AppDelegate.swift in Sources */ = {isa = PBXBuildFile; fileRef = 294FF7DB24C7D46700CB7F61 /* AppDelegate.swift */; };
		294FF7DE24C7D46700CB7F61 /* SceneDelegate.swift in Sources */ = {isa = PBXBuildFile; fileRef = 294FF7DD24C7D46700CB7F61 /* SceneDelegate.swift */; };
		294FF7E024C7D46700CB7F61 /* ViewController.swift in Sources */ = {isa = PBXBuildFile; fileRef = 294FF7DF24C7D46700CB7F61 /* ViewController.swift */; };
		294FF7E324C7D46700CB7F61 /* Main.storyboard in Resources */ = {isa = PBXBuildFile; fileRef = 294FF7E124C7D46700CB7F61 /* Main.storyboard */; };
		294FF7E524C7D46900CB7F61 /* Assets.xcassets in Resources */ = {isa = PBXBuildFile; fileRef = 294FF7E424C7D46900CB7F61 /* Assets.xcassets */; };
		294FF7E824C7D46900CB7F61 /* LaunchScreen.storyboard in Resources */ = {isa = PBXBuildFile; fileRef = 294FF7E624C7D46900CB7F61 /* LaunchScreen.storyboard */; };
		294FF7F324C7D46A00CB7F61 /* Tip_CalculatorTests.swift in Sources */ = {isa = PBXBuildFile; fileRef = 294FF7F224C7D46A00CB7F61 /* Tip_CalculatorTests.swift */; };
		294FF7FE24C7D46A00CB7F61 /* Tip_CalculatorUITests.swift in Sources */ = {isa = PBXBuildFile; fileRef = 294FF7FD24C7D46A00CB7F61 /* Tip_CalculatorUITests.swift */; };
/* End PBXBuildFile section */

/* Begin PBXContainerItemProxy section */
		294FF7EF24C7D46A00CB7F61 /* PBXContainerItemProxy */ = {
			isa = PBXContainerItemProxy;
			containerPortal = 294FF7D024C7D46700CB7F61 /* Project object */;
			proxyType = 1;
			remoteGlobalIDString = 294FF7D724C7D46700CB7F61;
			remoteInfo = "Tip Calculator";
		};
		294FF7FA24C7D46A00CB7F61 /* PBXContainerItemProxy */ = {
			isa = PBXContainerItemProxy;
			containerPortal = 294FF7D024C7D46700CB7F61 /* Project object */;
			proxyType = 1;
			remoteGlobalIDString = 294FF7D724C7D46700CB7F61;
			remoteInfo = "Tip Calculator";
		};
/* End PBXContainerItemProxy section */

/* Begin PBXFileReference section */
		294FF7D824C7D46700CB7F61 /* TipCalculator.app */ = {isa = PBXFileReference; explicitFileType = wrapper.application; includeInIndex = 0; path = TipCalculator.app; sourceTree = BUILT_PRODUCTS_DIR; };
		294FF7DB24C7D46700CB7F61 /* AppDelegate.swift */ = {isa = PBXFileReference; lastKnownFileType = sourcecode.swift; path = AppDelegate.swift; sourceTree = "<group>"; };
		294FF7DD24C7D46700CB7F61 /* SceneDelegate.swift */ = {isa = PBXFileReference; lastKnownFileType = sourcecode.swift; path = SceneDelegate.swift; sourceTree = "<group>"; };
		294FF7DF24C7D46700CB7F61 /* ViewController.swift */ = {isa = PBXFileReference; lastKnownFileType = sourcecode.swift; path = ViewController.swift; sourceTree = "<group>"; };
		294FF7E224C7D46700CB7F61 /* Base */ = {isa = PBXFileReference; lastKnownFileType = file.storyboard; name = Base; path = Base.lproj/Main.storyboard; sourceTree = "<group>"; };
		294FF7E424C7D46900CB7F61 /* Assets.xcassets */ = {isa = PBXFileReference; lastKnownFileType = folder.assetcatalog; path = Assets.xcassets; sourceTree = "<group>"; };
		294FF7E724C7D46900CB7F61 /* Base */ = {isa = PBXFileReference; lastKnownFileType = file.storyboard; name = Base; path = Base.lproj/LaunchScreen.storyboard; sourceTree = "<group>"; };
		294FF7E924C7D46900CB7F61 /* Info.plist */ = {isa = PBXFileReference; lastKnownFileType = text.plist.xml; path = Info.plist; sourceTree = "<group>"; };
		294FF7EE24C7D46A00CB7F61 /* Tip CalculatorTests.xctest */ = {isa = PBXFileReference; explicitFileType = wrapper.cfbundle; includeInIndex = 0; path = "Tip CalculatorTests.xctest"; sourceTree = BUILT_PRODUCTS_DIR; };
		294FF7F224C7D46A00CB7F61 /* Tip_CalculatorTests.swift */ = {isa = PBXFileReference; lastKnownFileType = sourcecode.swift; path = Tip_CalculatorTests.swift; sourceTree = "<group>"; };
		294FF7F424C7D46A00CB7F61 /* Info.plist */ = {isa = PBXFileReference; lastKnownFileType = text.plist.xml; path = Info.plist; sourceTree = "<group>"; };
		294FF7F924C7D46A00CB7F61 /* Tip CalculatorUITests.xctest */ = {isa = PBXFileReference; explicitFileType = wrapper.cfbundle; includeInIndex = 0; path = "Tip CalculatorUITests.xctest"; sourceTree = BUILT_PRODUCTS_DIR; };
		294FF7FD24C7D46A00CB7F61 /* Tip_CalculatorUITests.swift */ = {isa = PBXFileReference; lastKnownFileType = sourcecode.swift; path = Tip_CalculatorUITests.swift; sourceTree = "<group>"; };
		294FF7FF24C7D46A00CB7F61 /* Info.plist */ = {isa = PBXFileReference; lastKnownFileType = text.plist.xml; path = Info.plist; sourceTree = "<group>"; };
		294FF80B24C7EBCC00CB7F61 /* Tip Calculator.entitlements */ = {isa = PBXFileReference; lastKnownFileType = text.plist.entitlements; path = "Tip Calculator.entitlements"; sourceTree = "<group>"; };
/* End PBXFileReference section */

/* Begin PBXFrameworksBuildPhase section */
		294FF7D524C7D46700CB7F61 /* Frameworks */ = {
			isa = PBXFrameworksBuildPhase;
			buildActionMask = 2147483647;
			files = (
			);
			runOnlyForDeploymentPostprocessing = 0;
		};
		294FF7EB24C7D46A00CB7F61 /* Frameworks */ = {
			isa = PBXFrameworksBuildPhase;
			buildActionMask = 2147483647;
			files = (
			);
			runOnlyForDeploymentPostprocessing = 0;
		};
		294FF7F624C7D46A00CB7F61 /* Frameworks */ = {
			isa = PBXFrameworksBuildPhase;
			buildActionMask = 2147483647;
			files = (
			);
			runOnlyForDeploymentPostprocessing = 0;
		};
/* End PBXFrameworksBuildPhase section */

/* Begin PBXGroup section */
		294FF7CF24C7D46700CB7F61 = {
			isa = PBXGroup;
			children = (
				294FF7DA24C7D46700CB7F61 /* Tip Calculator */,
				294FF7F124C7D46A00CB7F61 /* Tip CalculatorTests */,
				294FF7FC24C7D46A00CB7F61 /* Tip CalculatorUITests */,
				294FF7D924C7D46700CB7F61 /* Products */,
			);
			sourceTree = "<group>";
		};
		294FF7D924C7D46700CB7F61 /* Products */ = {
			isa = PBXGroup;
			children = (
				294FF7D824C7D46700CB7F61 /* TipCalculator.app */,
				294FF7EE24C7D46A00CB7F61 /* Tip CalculatorTests.xctest */,
				294FF7F924C7D46A00CB7F61 /* Tip CalculatorUITests.xctest */,
			);
			name = Products;
			sourceTree = "<group>";
		};
		294FF7DA24C7D46700CB7F61 /* Tip Calculator */ = {
			isa = PBXGroup;
			children = (
				294FF80B24C7EBCC00CB7F61 /* Tip Calculator.entitlements */,
				294FF7DB24C7D46700CB7F61 /* AppDelegate.swift */,
				294FF7DD24C7D46700CB7F61 /* SceneDelegate.swift */,
				294FF7DF24C7D46700CB7F61 /* ViewController.swift */,
				294FF7E124C7D46700CB7F61 /* Main.storyboard */,
				294FF7E424C7D46900CB7F61 /* Assets.xcassets */,
				294FF7E624C7D46900CB7F61 /* LaunchScreen.storyboard */,
				294FF7E924C7D46900CB7F61 /* Info.plist */,
			);
			path = "Tip Calculator";
			sourceTree = "<group>";
		};
		294FF7F124C7D46A00CB7F61 /* Tip CalculatorTests */ = {
			isa = PBXGroup;
			children = (
				294FF7F224C7D46A00CB7F61 /* Tip_CalculatorTests.swift */,
				294FF7F424C7D46A00CB7F61 /* Info.plist */,
			);
			path = "Tip CalculatorTests";
			sourceTree = "<group>";
		};
		294FF7FC24C7D46A00CB7F61 /* Tip CalculatorUITests */ = {
			isa = PBXGroup;
			children = (
				294FF7FD24C7D46A00CB7F61 /* Tip_CalculatorUITests.swift */,
				294FF7FF24C7D46A00CB7F61 /* Info.plist */,
			);
			path = "Tip CalculatorUITests";
			sourceTree = "<group>";
		};
/* End PBXGroup section */

/* Begin PBXNativeTarget section */
		294FF7D724C7D46700CB7F61 /* Tip Calculator */ = {
			isa = PBXNativeTarget;
			buildConfigurationList = 294FF80224C7D46A00CB7F61 /* Build configuration list for PBXNativeTarget "Tip Calculator" */;
			buildPhases = (
				294FF7D424C7D46700CB7F61 /* Sources */,
				294FF7D524C7D46700CB7F61 /* Frameworks */,
				294FF7D624C7D46700CB7F61 /* Resources */,
			);
			buildRules = (
			);
			dependencies = (
			);
			name = "Tip Calculator";
			productName = "Tip Calculator";
			productReference = 294FF7D824C7D46700CB7F61 /* TipCalculator.app */;
			productType = "com.apple.product-type.application";
		};
		294FF7ED24C7D46A00CB7F61 /* Tip CalculatorTests */ = {
			isa = PBXNativeTarget;
			buildConfigurationList = 294FF80524C7D46A00CB7F61 /* Build configuration list for PBXNativeTarget "Tip CalculatorTests" */;
			buildPhases = (
				294FF7EA24C7D46A00CB7F61 /* Sources */,
				294FF7EB24C7D46A00CB7F61 /* Frameworks */,
				294FF7EC24C7D46A00CB7F61 /* Resources */,
			);
			buildRules = (
			);
			dependencies = (
				294FF7F024C7D46A00CB7F61 /* PBXTargetDependency */,
			);
			name = "Tip CalculatorTests";
			productName = "Tip CalculatorTests";
			productReference = 294FF7EE24C7D46A00CB7F61 /* Tip CalculatorTests.xctest */;
			productType = "com.apple.product-type.bundle.unit-test";
		};
		294FF7F824C7D46A00CB7F61 /* Tip CalculatorUITests */ = {
			isa = PBXNativeTarget;
			buildConfigurationList = 294FF80824C7D46A00CB7F61 /* Build configuration list for PBXNativeTarget "Tip CalculatorUITests" */;
			buildPhases = (
				294FF7F524C7D46A00CB7F61 /* Sources */,
				294FF7F624C7D46A00CB7F61 /* Frameworks */,
				294FF7F724C7D46A00CB7F61 /* Resources */,
			);
			buildRules = (
			);
			dependencies = (
				294FF7FB24C7D46A00CB7F61 /* PBXTargetDependency */,
			);
			name = "Tip CalculatorUITests";
			productName = "Tip CalculatorUITests";
			productReference = 294FF7F924C7D46A00CB7F61 /* Tip CalculatorUITests.xctest */;
			productType = "com.apple.product-type.bundle.ui-testing";
		};
/* End PBXNativeTarget section */

/* Begin PBXProject section */
		294FF7D024C7D46700CB7F61 /* Project object */ = {
			isa = PBXProject;
			attributes = {
				LastSwiftUpdateCheck = 1160;
				LastUpgradeCheck = 1160;
				ORGANIZATIONNAME = "Jason Bhimani";
				TargetAttributes = {
					294FF7D724C7D46700CB7F61 = {
						CreatedOnToolsVersion = 11.6;
					};
					294FF7ED24C7D46A00CB7F61 = {
						CreatedOnToolsVersion = 11.6;
						TestTargetID = 294FF7D724C7D46700CB7F61;
					};
					294FF7F824C7D46A00CB7F61 = {
						CreatedOnToolsVersion = 11.6;
						TestTargetID = 294FF7D724C7D46700CB7F61;
					};
				};
			};
			buildConfigurationList = 294FF7D324C7D46700CB7F61 /* Build configuration list for PBXProject "Tip Calculator" */;
			compatibilityVersion = "Xcode 9.3";
			developmentRegion = en;
			hasScannedForEncodings = 0;
			knownRegions = (
				en,
				Base,
			);
			mainGroup = 294FF7CF24C7D46700CB7F61;
			productRefGroup = 294FF7D924C7D46700CB7F61 /* Products */;
			projectDirPath = "";
			projectRoot = "";
			targets = (
				294FF7D724C7D46700CB7F61 /* Tip Calculator */,
				294FF7ED24C7D46A00CB7F61 /* Tip CalculatorTests */,
				294FF7F824C7D46A00CB7F61 /* Tip CalculatorUITests */,
			);
		};
/* End PBXProject section */

/* Begin PBXResourcesBuildPhase section */
		294FF7D624C7D46700CB7F61 /* Resources */ = {
			isa = PBXResourcesBuildPhase;
			buildActionMask = 2147483647;
			files = (
				294FF7E824C7D46900CB7F61 /* LaunchScreen.storyboard in Resources */,
				294FF7E524C7D46900CB7F61 /* Assets.xcassets in Resources */,
				294FF7E324C7D46700CB7F61 /* Main.storyboard in Resources */,
			);
			runOnlyForDeploymentPostprocessing = 0;
		};
		294FF7EC24C7D46A00CB7F61 /* Resources */ = {
			isa = PBXResourcesBuildPhase;
			buildActionMask = 2147483647;
			files = (
			);
			runOnlyForDeploymentPostprocessing = 0;
		};
		294FF7F724C7D46A00CB7F61 /* Resources */ = {
			isa = PBXResourcesBuildPhase;
			buildActionMask = 2147483647;
			files = (
			);
			runOnlyForDeploymentPostprocessing = 0;
		};
/* End PBXResourcesBuildPhase section */

/* Begin PBXSourcesBuildPhase section */
		294FF7D424C7D46700CB7F61 /* Sources */ = {
			isa = PBXSourcesBuildPhase;
			buildActionMask = 2147483647;
			files = (
				294FF7E024C7D46700CB7F61 /* ViewController.swift in Sources */,
				294FF7DC24C7D46700CB7F61 /* AppDelegate.swift in Sources */,
				294FF7DE24C7D46700CB7F61 /* SceneDelegate.swift in Sources */,
			);
			runOnlyForDeploymentPostprocessing = 0;
		};
		294FF7EA24C7D46A00CB7F61 /* Sources */ = {
			isa = PBXSourcesBuildPhase;
			buildActionMask = 2147483647;
			files = (
				294FF7F324C7D46A00CB7F61 /* Tip_CalculatorTests.swift in Sources */,
			);
			runOnlyForDeploymentPostprocessing = 0;
		};
		294FF7F524C7D46A00CB7F61 /* Sources */ = {
			isa = PBXSourcesBuildPhase;
			buildActionMask = 2147483647;
			files = (
				294FF7FE24C7D46A00CB7F61 /* Tip_CalculatorUITests.swift in Sources */,
			);
			runOnlyForDeploymentPostprocessing = 0;
		};
/* End PBXSourcesBuildPhase section */

/* Begin PBXTargetDependency section */
		294FF7F024C7D46A00CB7F61 /* PBXTargetDependency */ = {
			isa = PBXTargetDependency;
			target = 294FF7D724C7D46700CB7F61 /* Tip Calculator */;
			targetProxy = 294FF7EF24C7D46A00CB7F61 /* PBXContainerItemProxy */;
		};
		294FF7FB24C7D46A00CB7F61 /* PBXTargetDependency */ = {
			isa = PBXTargetDependency;
			target = 294FF7D724C7D46700CB7F61 /* Tip Calculator */;
			targetProxy = 294FF7FA24C7D46A00CB7F61 /* PBXContainerItemProxy */;
		};
/* End PBXTargetDependency section */

/* Begin PBXVariantGroup section */
		294FF7E124C7D46700CB7F61 /* Main.storyboard */ = {
			isa = PBXVariantGroup;
			children = (
				294FF7E224C7D46700CB7F61 /* Base */,
			);
			name = Main.storyboard;
			sourceTree = "<group>";
		};
		294FF7E624C7D46900CB7F61 /* LaunchScreen.storyboard */ = {
			isa = PBXVariantGroup;
			children = (
				294FF7E724C7D46900CB7F61 /* Base */,
			);
			name = LaunchScreen.storyboard;
			sourceTree = "<group>";
		};
/* End PBXVariantGroup section */

/* Begin XCBuildConfiguration section */
		294FF80024C7D46A00CB7F61 /* Debug */ = {
			isa = XCBuildConfiguration;
			buildSettings = {
				ALWAYS_SEARCH_USER_PATHS = NO;
				CLANG_ANALYZER_NONNULL = YES;
				CLANG_ANALYZER_NUMBER_OBJECT_CONVERSION = YES_AGGRESSIVE;
				CLANG_CXX_LANGUAGE_STANDARD = "gnu++14";
				CLANG_CXX_LIBRARY = "libc++";
				CLANG_ENABLE_MODULES = YES;
				CLANG_ENABLE_OBJC_ARC = YES;
				CLANG_ENABLE_OBJC_WEAK = YES;
				CLANG_WARN_BLOCK_CAPTURE_AUTORELEASING = YES;
				CLANG_WARN_BOOL_CONVERSION = YES;
				CLANG_WARN_COMMA = YES;
				CLANG_WARN_CONSTANT_CONVERSION = YES;
				CLANG_WARN_DEPRECATED_OBJC_IMPLEMENTATIONS = YES;
				CLANG_WARN_DIRECT_OBJC_ISA_USAGE = YES_ERROR;
				CLANG_WARN_DOCUMENTATION_COMMENTS = YES;
				CLANG_WARN_EMPTY_BODY = YES;
				CLANG_WARN_ENUM_CONVERSION = YES;
				CLANG_WARN_INFINITE_RECURSION = YES;
				CLANG_WARN_INT_CONVERSION = YES;
				CLANG_WARN_NON_LITERAL_NULL_CONVERSION = YES;
				CLANG_WARN_OBJC_IMPLICIT_RETAIN_SELF = YES;
				CLANG_WARN_OBJC_LITERAL_CONVERSION = YES;
				CLANG_WARN_OBJC_ROOT_CLASS = YES_ERROR;
				CLANG_WARN_RANGE_LOOP_ANALYSIS = YES;
				CLANG_WARN_STRICT_PROTOTYPES = YES;
				CLANG_WARN_SUSPICIOUS_MOVE = YES;
				CLANG_WARN_UNGUARDED_AVAILABILITY = YES_AGGRESSIVE;
				CLANG_WARN_UNREACHABLE_CODE = YES;
				CLANG_WARN__DUPLICATE_METHOD_MATCH = YES;
				COPY_PHASE_STRIP = NO;
				DEBUG_INFORMATION_FORMAT = dwarf;
				ENABLE_STRICT_OBJC_MSGSEND = YES;
				ENABLE_TESTABILITY = YES;
				GCC_C_LANGUAGE_STANDARD = gnu11;
				GCC_DYNAMIC_NO_PIC = NO;
				GCC_NO_COMMON_BLOCKS = YES;
				GCC_OPTIMIZATION_LEVEL = 0;
				GCC_PREPROCESSOR_DEFINITIONS = (
					"DEBUG=1",
					"$(inherited)",
				);
				GCC_WARN_64_TO_32_BIT_CONVERSION = YES;
				GCC_WARN_ABOUT_RETURN_TYPE = YES_ERROR;
				GCC_WARN_UNDECLARED_SELECTOR = YES;
				GCC_WARN_UNINITIALIZED_AUTOS = YES_AGGRESSIVE;
				GCC_WARN_UNUSED_FUNCTION = YES;
				GCC_WARN_UNUSED_VARIABLE = YES;
				IPHONEOS_DEPLOYMENT_TARGET = 13.6;
				MTL_ENABLE_DEBUG_INFO = INCLUDE_SOURCE;
				MTL_FAST_MATH = YES;
				ONLY_ACTIVE_ARCH = YES;
				SDKROOT = iphoneos;
				SWIFT_ACTIVE_COMPILATION_CONDITIONS = DEBUG;
				SWIFT_OPTIMIZATION_LEVEL = "-Onone";
			};
			name = Debug;
		};
		294FF80124C7D46A00CB7F61 /* Release */ = {
			isa = XCBuildConfiguration;
			buildSettings = {
				ALWAYS_SEARCH_USER_PATHS = NO;
				CLANG_ANALYZER_NONNULL = YES;
				CLANG_ANALYZER_NUMBER_OBJECT_CONVERSION = YES_AGGRESSIVE;
				CLANG_CXX_LANGUAGE_STANDARD = "gnu++14";
				CLANG_CXX_LIBRARY = "libc++";
				CLANG_ENABLE_MODULES = YES;
				CLANG_ENABLE_OBJC_ARC = YES;
				CLANG_ENABLE_OBJC_WEAK = YES;
				CLANG_WARN_BLOCK_CAPTURE_AUTORELEASING = YES;
				CLANG_WARN_BOOL_CONVERSION = YES;
				CLANG_WARN_COMMA = YES;
				CLANG_WARN_CONSTANT_CONVERSION = YES;
				CLANG_WARN_DEPRECATED_OBJC_IMPLEMENTATIONS = YES;
				CLANG_WARN_DIRECT_OBJC_ISA_USAGE = YES_ERROR;
				CLANG_WARN_DOCUMENTATION_COMMENTS = YES;
				CLANG_WARN_EMPTY_BODY = YES;
				CLANG_WARN_ENUM_CONVERSION = YES;
				CLANG_WARN_INFINITE_RECURSION = YES;
				CLANG_WARN_INT_CONVERSION = YES;
				CLANG_WARN_NON_LITERAL_NULL_CONVERSION = YES;
				CLANG_WARN_OBJC_IMPLICIT_RETAIN_SELF = YES;
				CLANG_WARN_OBJC_LITERAL_CONVERSION = YES;
				CLANG_WARN_OBJC_ROOT_CLASS = YES_ERROR;
				CLANG_WARN_RANGE_LOOP_ANALYSIS = YES;
				CLANG_WARN_STRICT_PROTOTYPES = YES;
				CLANG_WARN_SUSPICIOUS_MOVE = YES;
				CLANG_WARN_UNGUARDED_AVAILABILITY = YES_AGGRESSIVE;
				CLANG_WARN_UNREACHABLE_CODE = YES;
				CLANG_WARN__DUPLICATE_METHOD_MATCH = YES;
				COPY_PHASE_STRIP = NO;
				DEBUG_INFORMATION_FORMAT = "dwarf-with-dsym";
				ENABLE_NS_ASSERTIONS = NO;
				ENABLE_STRICT_OBJC_MSGSEND = YES;
				GCC_C_LANGUAGE_STANDARD = gnu11;
				GCC_NO_COMMON_BLOCKS = YES;
				GCC_WARN_64_TO_32_BIT_CONVERSION = YES;
				GCC_WARN_ABOUT_RETURN_TYPE = YES_ERROR;
				GCC_WARN_UNDECLARED_SELECTOR = YES;
				GCC_WARN_UNINITIALIZED_AUTOS = YES_AGGRESSIVE;
				GCC_WARN_UNUSED_FUNCTION = YES;
				GCC_WARN_UNUSED_VARIABLE = YES;
				IPHONEOS_DEPLOYMENT_TARGET = 13.6;
				MTL_ENABLE_DEBUG_INFO = NO;
				MTL_FAST_MATH = YES;
				SDKROOT = iphoneos;
				SWIFT_COMPILATION_MODE = wholemodule;
				SWIFT_OPTIMIZATION_LEVEL = "-O";
				VALIDATE_PRODUCT = YES;
			};
			name = Release;
		};
		294FF80324C7D46A00CB7F61 /* Debug */ = {
			isa = XCBuildConfiguration;
			buildSettings = {
				ASSETCATALOG_COMPILER_APPICON_NAME = AppIcon;
				CODE_SIGN_ENTITLEMENTS = "Tip Calculator/Tip Calculator.entitlements";
				CODE_SIGN_STYLE = Automatic;
				INFOPLIST_FILE = "Tip Calculator/Info.plist";
				LD_RUNPATH_SEARCH_PATHS = (
					"$(inherited)",
					"@executable_path/Frameworks",
				);
				PRODUCT_BUNDLE_IDENTIFIER = "CS.Tip-Calculator";
				PRODUCT_NAME = TipCalculator;
				SUPPORTS_MACCATALYST = YES;
				SWIFT_VERSION = 5.0;
				TARGETED_DEVICE_FAMILY = "1,2";
			};
			name = Debug;
		};
		294FF80424C7D46A00CB7F61 /* Release */ = {
			isa = XCBuildConfiguration;
			buildSettings = {
				ASSETCATALOG_COMPILER_APPICON_NAME = AppIcon;
				CODE_SIGN_ENTITLEMENTS = "Tip Calculator/Tip Calculator.entitlements";
				CODE_SIGN_STYLE = Automatic;
				INFOPLIST_FILE = "Tip Calculator/Info.plist";
				LD_RUNPATH_SEARCH_PATHS = (
					"$(inherited)",
					"@executable_path/Frameworks",
				);
				PRODUCT_BUNDLE_IDENTIFIER = "CS.Tip-Calculator";
				PRODUCT_NAME = TipCalculator;
				SUPPORTS_MACCATALYST = YES;
				SWIFT_VERSION = 5.0;
				TARGETED_DEVICE_FAMILY = "1,2";
			};
			name = Release;
		};
		294FF80624C7D46A00CB7F61 /* Debug */ = {
			isa = XCBuildConfiguration;
			buildSettings = {
				ALWAYS_EMBED_SWIFT_STANDARD_LIBRARIES = YES;
				BUNDLE_LOADER = "$(TEST_HOST)";
				CODE_SIGN_STYLE = Automatic;
				INFOPLIST_FILE = "Tip CalculatorTests/Info.plist";
				IPHONEOS_DEPLOYMENT_TARGET = 13.6;
				LD_RUNPATH_SEARCH_PATHS = (
					"$(inherited)",
					"@executable_path/Frameworks",
					"@loader_path/Frameworks",
				);
				PRODUCT_BUNDLE_IDENTIFIER = "CS.Tip-CalculatorTests";
				PRODUCT_NAME = "$(TARGET_NAME)";
				SWIFT_VERSION = 5.0;
				TARGETED_DEVICE_FAMILY = "1,2";
				TEST_HOST = "$(BUILT_PRODUCTS_DIR)/Tip Calculator.app/Tip Calculator";
			};
			name = Debug;
		};
		294FF80724C7D46A00CB7F61 /* Release */ = {
			isa = XCBuildConfiguration;
			buildSettings = {
				ALWAYS_EMBED_SWIFT_STANDARD_LIBRARIES = YES;
				BUNDLE_LOADER = "$(TEST_HOST)";
				CODE_SIGN_STYLE = Automatic;
				INFOPLIST_FILE = "Tip CalculatorTests/Info.plist";
				IPHONEOS_DEPLOYMENT_TARGET = 13.6;
				LD_RUNPATH_SEARCH_PATHS = (
					"$(inherited)",
					"@executable_path/Frameworks",
					"@loader_path/Frameworks",
				);
				PRODUCT_BUNDLE_IDENTIFIER = "CS.Tip-CalculatorTests";
				PRODUCT_NAME = "$(TARGET_NAME)";
				SWIFT_VERSION = 5.0;
				TARGETED_DEVICE_FAMILY = "1,2";
				TEST_HOST = "$(BUILT_PRODUCTS_DIR)/Tip Calculator.app/Tip Calculator";
			};
			name = Release;
		};
		294FF80924C7D46A00CB7F61 /* Debug */ = {
			isa = XCBuildConfiguration;
			buildSettings = {
				ALWAYS_EMBED_SWIFT_STANDARD_LIBRARIES = YES;
				CODE_SIGN_STYLE = Automatic;
				INFOPLIST_FILE = "Tip CalculatorUITests/Info.plist";
				LD_RUNPATH_SEARCH_PATHS = (
					"$(inherited)",
					"@executable_path/Frameworks",
					"@loader_path/Frameworks",
				);
				PRODUCT_BUNDLE_IDENTIFIER = "CS.Tip-CalculatorUITests";
				PRODUCT_NAME = "$(TARGET_NAME)";
				SWIFT_VERSION = 5.0;
				TARGETED_DEVICE_FAMILY = "1,2";
				TEST_TARGET_NAME = "Tip Calculator";
			};
			name = Debug;
		};
		294FF80A24C7D46A00CB7F61 /* Release */ = {
			isa = XCBuildConfiguration;
			buildSettings = {
				ALWAYS_EMBED_SWIFT_STANDARD_LIBRARIES = YES;
				CODE_SIGN_STYLE = Automatic;
				INFOPLIST_FILE = "Tip CalculatorUITests/Info.plist";
				LD_RUNPATH_SEARCH_PATHS = (
					"$(inherited)",
					"@executable_path/Frameworks",
					"@loader_path/Frameworks",
				);
				PRODUCT_BUNDLE_IDENTIFIER = "CS.Tip-CalculatorUITests";
				PRODUCT_NAME = "$(TARGET_NAME)";
				SWIFT_VERSION = 5.0;
				TARGETED_DEVICE_FAMILY = "1,2";
				TEST_TARGET_NAME = "Tip Calculator";
			};
			name = Release;
		};
/* End XCBuildConfiguration section */

/* Begin XCConfigurationList section */
		294FF7D324C7D46700CB7F61 /* Build configuration list for PBXProject "Tip Calculator" */ = {
			isa = XCConfigurationList;
			buildConfigurations = (
				294FF80024C7D46A00CB7F61 /* Debug */,
				294FF80124C7D46A00CB7F61 /* Release */,
			);
			defaultConfigurationIsVisible = 0;
			defaultConfigurationName = Release;
		};
		294FF80224C7D46A00CB7F61 /* Build configuration list for PBXNativeTarget "Tip Calculator" */ = {
			isa = XCConfigurationList;
			buildConfigurations = (
				294FF80324C7D46A00CB7F61 /* Debug */,
				294FF80424C7D46A00CB7F61 /* Release */,
			);
			defaultConfigurationIsVisible = 0;
			defaultConfigurationName = Release;
		};
		294FF80524C7D46A00CB7F61 /* Build configuration list for PBXNativeTarget "Tip CalculatorTests" */ = {
			isa = XCConfigurationList;
			buildConfigurations = (
				294FF80624C7D46A00CB7F61 /* Debug */,
				294FF80724C7D46A00CB7F61 /* Release */,
			);
			defaultConfigurationIsVisible = 0;
			defaultConfigurationName = Release;
		};
		294FF80824C7D46A00CB7F61 /* Build configuration list for PBXNativeTarget "Tip CalculatorUITests" */ = {
			isa = XCConfigurationList;
			buildConfigurations = (
				294FF80924C7D46A00CB7F61 /* Debug */,
				294FF80A24C7D46A00CB7F61 /* Release */,
			);
			defaultConfigurationIsVisible = 0;
			defaultConfigurationName = Release;
		};
/* End XCConfigurationList section */
	};
	rootObject = 294FF7D024C7D46700CB7F61 /* Project object */;
}
